
Microsoft Visual Studio Solution File, Format Version 12.00
# Visual Studio Version 17
VisualStudioVersion = 17.9.34902.65
MinimumVisualStudioVersion = 10.0.40219.1
Project("{FAE04EC0-301F-11D3-BF4B-00C04F79EFBC}") = "Translatify1", "Translatify1\Translatify1.csproj", "{ED8C48D8-641B-4ABD-82EC-DF5B61A6F80E}"
EndProject
Global
	GlobalSection(SolutionConfigurationPlatforms) = preSolution
		Debug|Any CPU = Debug|Any CPU
		Release|Any CPU = Release|Any CPU
	EndGlobalSection
	GlobalSection(ProjectConfigurationPlatforms) = postSolution
		{ED8C48D8-641B-4ABD-82EC-DF5B61A6F80E}.Debug|Any CPU.ActiveCfg = Debug|Any CPU
		{ED8C48D8-641B-4ABD-82EC-DF5B61A6F80E}.Debug|Any CPU.Build.0 = Debug|Any CPU
		{ED8C48D8-641B-4ABD-82EC-DF5B61A6F80E}.Release|Any CPU.ActiveCfg = Release|Any CPU
		{ED8C48D8-641B-4ABD-82EC-DF5B61A6F80E}.Release|Any CPU.Build.0 = Release|Any CPU
	EndGlobalSection
	GlobalSection(SolutionProperties) = preSolution
		HideSolutionNode = FALSE
	EndGlobalSection
	GlobalSection(ExtensibilityGlobals) = postSolution
		SolutionGuid = {7E3AAF5F-16F0-4B5F-BB50-00B8284915DA}
	EndGlobalSection
EndGlobal
